{
  "meteor": {},
  "dependencies": {
    "basePackages": {
      "semantic-ui": {},
      "moment": {},
      "animate-css": {}
    },
    "packages": {
      "semantic-ui": {
        "git": "https://github.com/nooitaf/meteor-semantic-ui.git",
        "tag": "v0.16.1",
        "commit": "46da3245561e5e64f03b1e2c8807cc6125aa4d98"
      },
      "moment": {
        "git": "https://github.com/acreeger/meteor-moment.git",
        "tag": "v2.6.0",
        "commit": "26156df681750fd6e6ed77043eef32b6653ebbdf"
      },
      "animate-css": {
        "git": "https://github.com/nate-strauser/meteor-animate-css.git",
        "tag": "v2.1.0",
        "commit": "08d7d98ce292d528f05eab91bfb220b3a355c1d5"
      }
    }
  }
}
